
Microsoft Visual Studio Solution File, Format Version 12.00
# Visual Studio 14
VisualStudioVersion = 14.0.25420.1
MinimumVisualStudioVersion = 10.0.40219.1
Project("{FAE04EC0-301F-11D3-BF4B-00C04F79EFBC}") = "__IPG101", "__IPG101\__IPG101.csproj", "{E800A4E3-E476-450A-B79A-861140893BBC}"
EndProject
Global
	GlobalSection(SolutionConfigurationPlatforms) = preSolution
		Debug|Any CPU = Debug|Any CPU
		Release|Any CPU = Release|Any CPU
	EndGlobalSection
	GlobalSection(ProjectConfigurationPlatforms) = postSolution
		{E800A4E3-E476-450A-B79A-861140893BBC}.Debug|Any CPU.ActiveCfg = Debug|Any CPU
		{E800A4E3-E476-450A-B79A-861140893BBC}.Debug|Any CPU.Build.0 = Debug|Any CPU
		{E800A4E3-E476-450A-B79A-861140893BBC}.Release|Any CPU.ActiveCfg = Release|Any CPU
		{E800A4E3-E476-450A-B79A-861140893BBC}.Release|Any CPU.Build.0 = Release|Any CPU
	EndGlobalSection
	GlobalSection(SolutionProperties) = preSolution
		HideSolutionNode = FALSE
	EndGlobalSection
EndGlobal
